{
  "object": {
    "pins": [
      {
        "package": "ZenSwift",
        "repositoryURL": "https://github.com/roland19deschain/ZenSwift.git",
        "state": {
          "branch": null,
          "revision": "3f056c0c8c12e6d1e5c1c275598c6311a281b516",
          "version": "2.1.13"
        }
      }
    ]
  },
  "version": 1
}
